
Microsoft Visual Studio Solution File, Format Version 12.00
# Visual Studio Version 17
VisualStudioVersion = 17.4.33110.190
MinimumVisualStudioVersion = 10.0.40219.1
Project("{FAE04EC0-301F-11D3-BF4B-00C04F79EFBC}") = "BACnetSCsampleNode", "BACnetSCsampleNode.csproj", "{28F7604F-7DCD-4330-8261-55AEB2B0BAC4}"
EndProject
Global
	GlobalSection(SolutionConfigurationPlatforms) = preSolution
		Debug|x86 = Debug|x86
		Release|x86 = Release|x86
	EndGlobalSection
	GlobalSection(ProjectConfigurationPlatforms) = postSolution
		{28F7604F-7DCD-4330-8261-55AEB2B0BAC4}.Debug|x86.ActiveCfg = Debug|x86
		{28F7604F-7DCD-4330-8261-55AEB2B0BAC4}.Debug|x86.Build.0 = Debug|x86
		{28F7604F-7DCD-4330-8261-55AEB2B0BAC4}.Release|x86.ActiveCfg = Release|x86
		{28F7604F-7DCD-4330-8261-55AEB2B0BAC4}.Release|x86.Build.0 = Release|x86
	EndGlobalSection
	GlobalSection(SolutionProperties) = preSolution
		HideSolutionNode = FALSE
	EndGlobalSection
	GlobalSection(ExtensibilityGlobals) = postSolution
		SolutionGuid = {4F8DC51F-DE86-4344-97F1-789AEC6F1807}
	EndGlobalSection
EndGlobal
